{
  "name": "automation-qa",
  "version": "1.0.0",
  "lockfileVersion": 3,
  "requires": true,
  "packages": {
    "": {
      "name": "automation-qa",
      "version": "1.0.0",
      "license": "ISC",
      "dependencies": {
        "chalk": "^5.6.1"
      },
      "devDependencies": {}
    },
    "node_modules/chalk": {
      "version": "5.6.1",
      "resolved": "https://registry.npmjs.org/chalk/-/chalk-5.6.1.tgz",
      "integrity": "sha512-5b8G5vAwZY6ae5Vrp8HcIip49h0n88ASWNfK02h9aUjdPdhac481t5Ry7wXamd0gUvyK1KvS/dePAwAkEms4pw==",
      "license": "MIT",
      "engines": {
        "node": "^12.17.0 || ^14.13 || >=16.0.0"
      },
      "funding": {
        "url": "https://github.com/chalk/chalk?sponsor=1"
      }
    }
  }
}
